{
  "requires": true,
  "lockfileVersion": 1,
  "dependencies": {
    "angular": {
      "version": "1.7.2",
      "resolved": "https://registry.npmjs.org/angular/-/angular-1.7.2.tgz",
      "integrity": "sha512-JcKKJbBdybUsmQ6x1M3xWyTYQ/ioVKJhSByEAjqrhmlOfvMFdhfMqAx5KIo8rLGk4DFolYPcCSgssjgTVjCtRQ=="
    },
    "angular-auto-complete": {
      "version": "1.7.3",
      "resolved": "https://registry.npmjs.org/angular-auto-complete/-/angular-auto-complete-1.7.3.tgz",
      "integrity": "sha512-KgSTBHmgL8+usd4Ey8YU8w5Qg5cVYS8oay0w9zC+sSwKlordyhOQsbuNaVScG+xYleeyjp3LF2VnOlJYhPs1YA==",
      "requires": {
        "angular": "1.7.2",
        "angular-sanitize": "1.7.2",
        "lodash": "4.17.10"
      }
    },
    "angular-sanitize": {
      "version": "1.7.2",
      "resolved": "https://registry.npmjs.org/angular-sanitize/-/angular-sanitize-1.7.2.tgz",
      "integrity": "sha512-8XmhwhT+TwnLzz4VMq9kIqj9b2aBt4lgYWRw9s+Q8ysx0z/glDcnoPxMrlR/dXItlww8NM/1pscgO1bGVGdiXA=="
    },
    "lodash": {
      "version": "4.17.10",
      "resolved": "https://registry.npmjs.org/lodash/-/lodash-4.17.10.tgz",
      "integrity": "sha512-UejweD1pDoXu+AD825lWwp4ZGtSwgnpZxb3JDViD7StjQz+Nb/6l093lx4OQ0foGWNRoc19mWy7BzL+UAK2iVg=="
    }
  }
}
